
Microsoft Visual Studio Solution File, Format Version 12.00
# Visual Studio Version 16
VisualStudioVersion = 16.0.32929.386
MinimumVisualStudioVersion = 10.0.40219.1
Project("{8BC9CEB8-8B4A-11D0-8D11-00A0C91BC942}") = "Server", "Server.vcxproj", "{FB49F48A-136F-43D8-8445-6BDE800B4ED8}"
	ProjectSection(ProjectDependencies) = postProject
		{BA6D8F00-FBD2-4D5A-909A-CC19099E6C4E} = {BA6D8F00-FBD2-4D5A-909A-CC19099E6C4E}
		{7D6E7837-717B-407A-9B07-38CD845AE1E8} = {7D6E7837-717B-407A-9B07-38CD845AE1E8}
		{B48B5576-81C3-4399-AEE8-7F03C8A2F2AD} = {B48B5576-81C3-4399-AEE8-7F03C8A2F2AD}
		{D1787985-18DA-4483-9FDA-108CA2D4C09C} = {D1787985-18DA-4483-9FDA-108CA2D4C09C}
		{92FD57A2-2083-4641-9D01-79BECD049363} = {92FD57A2-2083-4641-9D01-79BECD049363}
		{2A5FF7CE-2C76-4BF7-88CA-C8F7D17B572A} = {2A5FF7CE-2C76-4BF7-88CA-C8F7D17B572A}
	EndProjectSection
EndProject
Project("{8BC9CEB8-8B4A-11D0-8D11-00A0C91BC942}") = "EdgeSLAM", "..\Thirdparty\EdgeSLAM\EdgeSLAM.vcxproj", "{B48B5576-81C3-4399-AEE8-7F03C8A2F2AD}"
	ProjectSection(ProjectDependencies) = postProject
		{BA6D8F00-FBD2-4D5A-909A-CC19099E6C4E} = {BA6D8F00-FBD2-4D5A-909A-CC19099E6C4E}
		{7D6E7837-717B-407A-9B07-38CD845AE1E8} = {7D6E7837-717B-407A-9B07-38CD845AE1E8}
	EndProjectSection
EndProject
Project("{8BC9CEB8-8B4A-11D0-8D11-00A0C91BC942}") = "Test1", "..\Test1\Test1.vcxproj", "{CCAA99D2-DC7C-48E1-AB56-67BC95A5549F}"
EndProject
Project("{8BC9CEB8-8B4A-11D0-8D11-00A0C91BC942}") = "CommonLibrary", "..\Thirdparty\CommonLibrary\CommonLibrary.vcxproj", "{7D6E7837-717B-407A-9B07-38CD845AE1E8}"
EndProject
Project("{8BC9CEB8-8B4A-11D0-8D11-00A0C91BC942}") = "SemanticSLAM", "..\Thirdparty\SemanticSLAM\SemanticSLAM.vcxproj", "{92FD57A2-2083-4641-9D01-79BECD049363}"
	ProjectSection(ProjectDependencies) = postProject
		{BA6D8F00-FBD2-4D5A-909A-CC19099E6C4E} = {BA6D8F00-FBD2-4D5A-909A-CC19099E6C4E}
		{7D6E7837-717B-407A-9B07-38CD845AE1E8} = {7D6E7837-717B-407A-9B07-38CD845AE1E8}
		{B48B5576-81C3-4399-AEE8-7F03C8A2F2AD} = {B48B5576-81C3-4399-AEE8-7F03C8A2F2AD}
	EndProjectSection
EndProject
Project("{8BC9CEB8-8B4A-11D0-8D11-00A0C91BC942}") = "PlanarSLAM", "..\Thirdparty\PlanarSLAM\PlanarSLAM.vcxproj", "{2A5FF7CE-2C76-4BF7-88CA-C8F7D17B572A}"
	ProjectSection(ProjectDependencies) = postProject
		{BA6D8F00-FBD2-4D5A-909A-CC19099E6C4E} = {BA6D8F00-FBD2-4D5A-909A-CC19099E6C4E}
		{7D6E7837-717B-407A-9B07-38CD845AE1E8} = {7D6E7837-717B-407A-9B07-38CD845AE1E8}
		{B48B5576-81C3-4399-AEE8-7F03C8A2F2AD} = {B48B5576-81C3-4399-AEE8-7F03C8A2F2AD}
	EndProjectSection
EndProject
Project("{8BC9CEB8-8B4A-11D0-8D11-00A0C91BC942}") = "WiseUITest", "..\WiseUITest\WiseUITest.vcxproj", "{3B13418C-A016-4260-A3C1-598A778FFF4C}"
EndProject
Project("{8BC9CEB8-8B4A-11D0-8D11-00A0C91BC942}") = "EdgeDeviceSLAM", "..\Thirdparty\EdgeDeviceSLAM\EdgeDeviceSLAM.vcxproj", "{4D8DB20B-8DE1-4CBC-948C-1D8E652A29FA}"
EndProject
Project("{8BC9CEB8-8B4A-11D0-8D11-00A0C91BC942}") = "StructOptimization", "..\Thirdparty\StructOptimization\StructOptimization.vcxproj", "{4535B650-6FD4-4037-A3A8-B8BDCECE4955}"
	ProjectSection(ProjectDependencies) = postProject
		{BA6D8F00-FBD2-4D5A-909A-CC19099E6C4E} = {BA6D8F00-FBD2-4D5A-909A-CC19099E6C4E}
		{7D6E7837-717B-407A-9B07-38CD845AE1E8} = {7D6E7837-717B-407A-9B07-38CD845AE1E8}
	EndProjectSection
EndProject
Project("{8BC9CEB8-8B4A-11D0-8D11-00A0C91BC942}") = "BaseSLAM", "..\Thirdparty\BaseSLAM\BaseSLAM.vcxproj", "{BA6D8F00-FBD2-4D5A-909A-CC19099E6C4E}"
	ProjectSection(ProjectDependencies) = postProject
		{7D6E7837-717B-407A-9B07-38CD845AE1E8} = {7D6E7837-717B-407A-9B07-38CD845AE1E8}
	EndProjectSection
EndProject
Project("{8BC9CEB8-8B4A-11D0-8D11-00A0C91BC942}") = "ObjSLAM", "..\Thirdparty\ObjSLAM\ObjSLAM.vcxproj", "{D1787985-18DA-4483-9FDA-108CA2D4C09C}"
	ProjectSection(ProjectDependencies) = postProject
		{BA6D8F00-FBD2-4D5A-909A-CC19099E6C4E} = {BA6D8F00-FBD2-4D5A-909A-CC19099E6C4E}
		{7D6E7837-717B-407A-9B07-38CD845AE1E8} = {7D6E7837-717B-407A-9B07-38CD845AE1E8}
		{B48B5576-81C3-4399-AEE8-7F03C8A2F2AD} = {B48B5576-81C3-4399-AEE8-7F03C8A2F2AD}
		{92FD57A2-2083-4641-9D01-79BECD049363} = {92FD57A2-2083-4641-9D01-79BECD049363}
	EndProjectSection
EndProject
Project("{8BC9CEB8-8B4A-11D0-8D11-00A0C91BC942}") = "Test2", "..\Test2\Test2.vcxproj", "{0909CCF7-431C-4F95-96F0-C2D15AE35C2F}"
EndProject
Project("{8BC9CEB8-8B4A-11D0-8D11-00A0C91BC942}") = "Server2", "..\Server2\Server2.vcxproj", "{7639C0FF-4A55-4846-B57E-4321661D5F30}"
EndProject
Project("{8BC9CEB8-8B4A-11D0-8D11-00A0C91BC942}") = "Client", "..\Client\Client.vcxproj", "{4B678AD3-49F3-4BED-98F9-01E1C57FD6EC}"
EndProject
Global
	GlobalSection(SolutionConfigurationPlatforms) = preSolution
		Debug|x64 = Debug|x64
		Debug|x86 = Debug|x86
		MinSizeRel|x64 = MinSizeRel|x64
		MinSizeRel|x86 = MinSizeRel|x86
		Release|x64 = Release|x64
		Release|x86 = Release|x86
		RelWithDebInfo|x64 = RelWithDebInfo|x64
		RelWithDebInfo|x86 = RelWithDebInfo|x86
	EndGlobalSection
	GlobalSection(ProjectConfigurationPlatforms) = postSolution
		{FB49F48A-136F-43D8-8445-6BDE800B4ED8}.Debug|x64.ActiveCfg = Debug|x64
		{FB49F48A-136F-43D8-8445-6BDE800B4ED8}.Debug|x64.Build.0 = Debug|x64
		{FB49F48A-136F-43D8-8445-6BDE800B4ED8}.Debug|x86.ActiveCfg = Debug|Win32
		{FB49F48A-136F-43D8-8445-6BDE800B4ED8}.Debug|x86.Build.0 = Debug|Win32
		{FB49F48A-136F-43D8-8445-6BDE800B4ED8}.MinSizeRel|x64.ActiveCfg = Release|x64
		{FB49F48A-136F-43D8-8445-6BDE800B4ED8}.MinSizeRel|x64.Build.0 = Release|x64
		{FB49F48A-136F-43D8-8445-6BDE800B4ED8}.MinSizeRel|x86.ActiveCfg = Release|Win32
		{FB49F48A-136F-43D8-8445-6BDE800B4ED8}.MinSizeRel|x86.Build.0 = Release|Win32
		{FB49F48A-136F-43D8-8445-6BDE800B4ED8}.Release|x64.ActiveCfg = Release|x64
		{FB49F48A-136F-43D8-8445-6BDE800B4ED8}.Release|x64.Build.0 = Release|x64
		{FB49F48A-136F-43D8-8445-6BDE800B4ED8}.Release|x86.ActiveCfg = Release|Win32
		{FB49F48A-136F-43D8-8445-6BDE800B4ED8}.Release|x86.Build.0 = Release|Win32
		{FB49F48A-136F-43D8-8445-6BDE800B4ED8}.RelWithDebInfo|x64.ActiveCfg = Release|x64
		{FB49F48A-136F-43D8-8445-6BDE800B4ED8}.RelWithDebInfo|x64.Build.0 = Release|x64
		{FB49F48A-136F-43D8-8445-6BDE800B4ED8}.RelWithDebInfo|x86.ActiveCfg = Release|Win32
		{FB49F48A-136F-43D8-8445-6BDE800B4ED8}.RelWithDebInfo|x86.Build.0 = Release|Win32
		{B48B5576-81C3-4399-AEE8-7F03C8A2F2AD}.Debug|x64.ActiveCfg = Debug|x64
		{B48B5576-81C3-4399-AEE8-7F03C8A2F2AD}.Debug|x64.Build.0 = Debug|x64
		{B48B5576-81C3-4399-AEE8-7F03C8A2F2AD}.Debug|x86.ActiveCfg = Debug|Win32
		{B48B5576-81C3-4399-AEE8-7F03C8A2F2AD}.Debug|x86.Build.0 = Debug|Win32
		{B48B5576-81C3-4399-AEE8-7F03C8A2F2AD}.MinSizeRel|x64.ActiveCfg = Release|x64
		{B48B5576-81C3-4399-AEE8-7F03C8A2F2AD}.MinSizeRel|x64.Build.0 = Release|x64
		{B48B5576-81C3-4399-AEE8-7F03C8A2F2AD}.MinSizeRel|x86.ActiveCfg = Release|Win32
		{B48B5576-81C3-4399-AEE8-7F03C8A2F2AD}.MinSizeRel|x86.Build.0 = Release|Win32
		{B48B5576-81C3-4399-AEE8-7F03C8A2F2AD}.Release|x64.ActiveCfg = Release|x64
		{B48B5576-81C3-4399-AEE8-7F03C8A2F2AD}.Release|x64.Build.0 = Release|x64
		{B48B5576-81C3-4399-AEE8-7F03C8A2F2AD}.Release|x86.ActiveCfg = Release|Win32
		{B48B5576-81C3-4399-AEE8-7F03C8A2F2AD}.Release|x86.Build.0 = Release|Win32
		{B48B5576-81C3-4399-AEE8-7F03C8A2F2AD}.RelWithDebInfo|x64.ActiveCfg = Release|x64
		{B48B5576-81C3-4399-AEE8-7F03C8A2F2AD}.RelWithDebInfo|x64.Build.0 = Release|x64
		{B48B5576-81C3-4399-AEE8-7F03C8A2F2AD}.RelWithDebInfo|x86.ActiveCfg = Release|Win32
		{B48B5576-81C3-4399-AEE8-7F03C8A2F2AD}.RelWithDebInfo|x86.Build.0 = Release|Win32
		{CCAA99D2-DC7C-48E1-AB56-67BC95A5549F}.Debug|x64.ActiveCfg = Debug|x64
		{CCAA99D2-DC7C-48E1-AB56-67BC95A5549F}.Debug|x64.Build.0 = Debug|x64
		{CCAA99D2-DC7C-48E1-AB56-67BC95A5549F}.Debug|x86.ActiveCfg = Debug|Win32
		{CCAA99D2-DC7C-48E1-AB56-67BC95A5549F}.Debug|x86.Build.0 = Debug|Win32
		{CCAA99D2-DC7C-48E1-AB56-67BC95A5549F}.MinSizeRel|x64.ActiveCfg = Release|x64
		{CCAA99D2-DC7C-48E1-AB56-67BC95A5549F}.MinSizeRel|x64.Build.0 = Release|x64
		{CCAA99D2-DC7C-48E1-AB56-67BC95A5549F}.MinSizeRel|x86.ActiveCfg = Release|Win32
		{CCAA99D2-DC7C-48E1-AB56-67BC95A5549F}.MinSizeRel|x86.Build.0 = Release|Win32
		{CCAA99D2-DC7C-48E1-AB56-67BC95A5549F}.Release|x64.ActiveCfg = Release|x64
		{CCAA99D2-DC7C-48E1-AB56-67BC95A5549F}.Release|x64.Build.0 = Release|x64
		{CCAA99D2-DC7C-48E1-AB56-67BC95A5549F}.Release|x86.ActiveCfg = Release|Win32
		{CCAA99D2-DC7C-48E1-AB56-67BC95A5549F}.Release|x86.Build.0 = Release|Win32
		{CCAA99D2-DC7C-48E1-AB56-67BC95A5549F}.RelWithDebInfo|x64.ActiveCfg = Release|x64
		{CCAA99D2-DC7C-48E1-AB56-67BC95A5549F}.RelWithDebInfo|x64.Build.0 = Release|x64
		{CCAA99D2-DC7C-48E1-AB56-67BC95A5549F}.RelWithDebInfo|x86.ActiveCfg = Release|Win32
		{CCAA99D2-DC7C-48E1-AB56-67BC95A5549F}.RelWithDebInfo|x86.Build.0 = Release|Win32
		{7D6E7837-717B-407A-9B07-38CD845AE1E8}.Debug|x64.ActiveCfg = Debug|x64
		{7D6E7837-717B-407A-9B07-38CD845AE1E8}.Debug|x64.Build.0 = Debug|x64
		{7D6E7837-717B-407A-9B07-38CD845AE1E8}.Debug|x86.ActiveCfg = Debug|Win32
		{7D6E7837-717B-407A-9B07-38CD845AE1E8}.Debug|x86.Build.0 = Debug|Win32
		{7D6E7837-717B-407A-9B07-38CD845AE1E8}.MinSizeRel|x64.ActiveCfg = Release|x64
		{7D6E7837-717B-407A-9B07-38CD845AE1E8}.MinSizeRel|x64.Build.0 = Release|x64
		{7D6E7837-717B-407A-9B07-38CD845AE1E8}.MinSizeRel|x86.ActiveCfg = Release|Win32
		{7D6E7837-717B-407A-9B07-38CD845AE1E8}.MinSizeRel|x86.Build.0 = Release|Win32
		{7D6E7837-717B-407A-9B07-38CD845AE1E8}.Release|x64.ActiveCfg = Release|x64
		{7D6E7837-717B-407A-9B07-38CD845AE1E8}.Release|x64.Build.0 = Release|x64
		{7D6E7837-717B-407A-9B07-38CD845AE1E8}.Release|x86.ActiveCfg = Release|Win32
		{7D6E7837-717B-407A-9B07-38CD845AE1E8}.Release|x86.Build.0 = Release|Win32
		{7D6E7837-717B-407A-9B07-38CD845AE1E8}.RelWithDebInfo|x64.ActiveCfg = Release|x64
		{7D6E7837-717B-407A-9B07-38CD845AE1E8}.RelWithDebInfo|x64.Build.0 = Release|x64
		{7D6E7837-717B-407A-9B07-38CD845AE1E8}.RelWithDebInfo|x86.ActiveCfg = Release|Win32
		{7D6E7837-717B-407A-9B07-38CD845AE1E8}.RelWithDebInfo|x86.Build.0 = Release|Win32
		{92FD57A2-2083-4641-9D01-79BECD049363}.Debug|x64.ActiveCfg = Debug|x64
		{92FD57A2-2083-4641-9D01-79BECD049363}.Debug|x64.Build.0 = Debug|x64
		{92FD57A2-2083-4641-9D01-79BECD049363}.Debug|x86.ActiveCfg = Debug|Win32
		{92FD57A2-2083-4641-9D01-79BECD049363}.Debug|x86.Build.0 = Debug|Win32
		{92FD57A2-2083-4641-9D01-79BECD049363}.MinSizeRel|x64.ActiveCfg = Release|x64
		{92FD57A2-2083-4641-9D01-79BECD049363}.MinSizeRel|x64.Build.0 = Release|x64
		{92FD57A2-2083-4641-9D01-79BECD049363}.MinSizeRel|x86.ActiveCfg = Release|Win32
		{92FD57A2-2083-4641-9D01-79BECD049363}.MinSizeRel|x86.Build.0 = Release|Win32
		{92FD57A2-2083-4641-9D01-79BECD049363}.Release|x64.ActiveCfg = Release|x64
		{92FD57A2-2083-4641-9D01-79BECD049363}.Release|x64.Build.0 = Release|x64
		{92FD57A2-2083-4641-9D01-79BECD049363}.Release|x86.ActiveCfg = Release|Win32
		{92FD57A2-2083-4641-9D01-79BECD049363}.Release|x86.Build.0 = Release|Win32
		{92FD57A2-2083-4641-9D01-79BECD049363}.RelWithDebInfo|x64.ActiveCfg = Release|x64
		{92FD57A2-2083-4641-9D01-79BECD049363}.RelWithDebInfo|x64.Build.0 = Release|x64
		{92FD57A2-2083-4641-9D01-79BECD049363}.RelWithDebInfo|x86.ActiveCfg = Release|Win32
		{92FD57A2-2083-4641-9D01-79BECD049363}.RelWithDebInfo|x86.Build.0 = Release|Win32
		{2A5FF7CE-2C76-4BF7-88CA-C8F7D17B572A}.Debug|x64.ActiveCfg = Debug|x64
		{2A5FF7CE-2C76-4BF7-88CA-C8F7D17B572A}.Debug|x64.Build.0 = Debug|x64
		{2A5FF7CE-2C76-4BF7-88CA-C8F7D17B572A}.Debug|x86.ActiveCfg = Debug|Win32
		{2A5FF7CE-2C76-4BF7-88CA-C8F7D17B572A}.Debug|x86.Build.0 = Debug|Win32
		{2A5FF7CE-2C76-4BF7-88CA-C8F7D17B572A}.MinSizeRel|x64.ActiveCfg = Release|x64
		{2A5FF7CE-2C76-4BF7-88CA-C8F7D17B572A}.MinSizeRel|x64.Build.0 = Release|x64
		{2A5FF7CE-2C76-4BF7-88CA-C8F7D17B572A}.MinSizeRel|x86.ActiveCfg = Release|Win32
		{2A5FF7CE-2C76-4BF7-88CA-C8F7D17B572A}.MinSizeRel|x86.Build.0 = Release|Win32
		{2A5FF7CE-2C76-4BF7-88CA-C8F7D17B572A}.Release|x64.ActiveCfg = Release|x64
		{2A5FF7CE-2C76-4BF7-88CA-C8F7D17B572A}.Release|x64.Build.0 = Release|x64
		{2A5FF7CE-2C76-4BF7-88CA-C8F7D17B572A}.Release|x86.ActiveCfg = Release|Win32
		{2A5FF7CE-2C76-4BF7-88CA-C8F7D17B572A}.Release|x86.Build.0 = Release|Win32
		{2A5FF7CE-2C76-4BF7-88CA-C8F7D17B572A}.RelWithDebInfo|x64.ActiveCfg = Release|x64
		{2A5FF7CE-2C76-4BF7-88CA-C8F7D17B572A}.RelWithDebInfo|x64.Build.0 = Release|x64
		{2A5FF7CE-2C76-4BF7-88CA-C8F7D17B572A}.RelWithDebInfo|x86.ActiveCfg = Release|Win32
		{2A5FF7CE-2C76-4BF7-88CA-C8F7D17B572A}.RelWithDebInfo|x86.Build.0 = Release|Win32
		{3B13418C-A016-4260-A3C1-598A778FFF4C}.Debug|x64.ActiveCfg = Debug|x64
		{3B13418C-A016-4260-A3C1-598A778FFF4C}.Debug|x64.Build.0 = Debug|x64
		{3B13418C-A016-4260-A3C1-598A778FFF4C}.Debug|x86.ActiveCfg = Debug|Win32
		{3B13418C-A016-4260-A3C1-598A778FFF4C}.Debug|x86.Build.0 = Debug|Win32
		{3B13418C-A016-4260-A3C1-598A778FFF4C}.MinSizeRel|x64.ActiveCfg = Debug|x64
		{3B13418C-A016-4260-A3C1-598A778FFF4C}.MinSizeRel|x64.Build.0 = Debug|x64
		{3B13418C-A016-4260-A3C1-598A778FFF4C}.MinSizeRel|x86.ActiveCfg = Debug|Win32
		{3B13418C-A016-4260-A3C1-598A778FFF4C}.MinSizeRel|x86.Build.0 = Debug|Win32
		{3B13418C-A016-4260-A3C1-598A778FFF4C}.Release|x64.ActiveCfg = Release|x64
		{3B13418C-A016-4260-A3C1-598A778FFF4C}.Release|x64.Build.0 = Release|x64
		{3B13418C-A016-4260-A3C1-598A778FFF4C}.Release|x86.ActiveCfg = Release|Win32
		{3B13418C-A016-4260-A3C1-598A778FFF4C}.Release|x86.Build.0 = Release|Win32
		{3B13418C-A016-4260-A3C1-598A778FFF4C}.RelWithDebInfo|x64.ActiveCfg = Release|x64
		{3B13418C-A016-4260-A3C1-598A778FFF4C}.RelWithDebInfo|x64.Build.0 = Release|x64
		{3B13418C-A016-4260-A3C1-598A778FFF4C}.RelWithDebInfo|x86.ActiveCfg = Release|Win32
		{3B13418C-A016-4260-A3C1-598A778FFF4C}.RelWithDebInfo|x86.Build.0 = Release|Win32
		{4D8DB20B-8DE1-4CBC-948C-1D8E652A29FA}.Debug|x64.ActiveCfg = Debug|x64
		{4D8DB20B-8DE1-4CBC-948C-1D8E652A29FA}.Debug|x64.Build.0 = Debug|x64
		{4D8DB20B-8DE1-4CBC-948C-1D8E652A29FA}.Debug|x86.ActiveCfg = Debug|Win32
		{4D8DB20B-8DE1-4CBC-948C-1D8E652A29FA}.Debug|x86.Build.0 = Debug|Win32
		{4D8DB20B-8DE1-4CBC-948C-1D8E652A29FA}.MinSizeRel|x64.ActiveCfg = Debug|x64
		{4D8DB20B-8DE1-4CBC-948C-1D8E652A29FA}.MinSizeRel|x64.Build.0 = Debug|x64
		{4D8DB20B-8DE1-4CBC-948C-1D8E652A29FA}.MinSizeRel|x86.ActiveCfg = Debug|Win32
		{4D8DB20B-8DE1-4CBC-948C-1D8E652A29FA}.MinSizeRel|x86.Build.0 = Debug|Win32
		{4D8DB20B-8DE1-4CBC-948C-1D8E652A29FA}.Release|x64.ActiveCfg = Release|x64
		{4D8DB20B-8DE1-4CBC-948C-1D8E652A29FA}.Release|x64.Build.0 = Release|x64
		{4D8DB20B-8DE1-4CBC-948C-1D8E652A29FA}.Release|x86.ActiveCfg = Release|Win32
		{4D8DB20B-8DE1-4CBC-948C-1D8E652A29FA}.Release|x86.Build.0 = Release|Win32
		{4D8DB20B-8DE1-4CBC-948C-1D8E652A29FA}.RelWithDebInfo|x64.ActiveCfg = Release|x64
		{4D8DB20B-8DE1-4CBC-948C-1D8E652A29FA}.RelWithDebInfo|x64.Build.0 = Release|x64
		{4D8DB20B-8DE1-4CBC-948C-1D8E652A29FA}.RelWithDebInfo|x86.ActiveCfg = Release|Win32
		{4D8DB20B-8DE1-4CBC-948C-1D8E652A29FA}.RelWithDebInfo|x86.Build.0 = Release|Win32
		{4535B650-6FD4-4037-A3A8-B8BDCECE4955}.Debug|x64.ActiveCfg = Debug|x64
		{4535B650-6FD4-4037-A3A8-B8BDCECE4955}.Debug|x64.Build.0 = Debug|x64
		{4535B650-6FD4-4037-A3A8-B8BDCECE4955}.Debug|x86.ActiveCfg = Debug|Win32
		{4535B650-6FD4-4037-A3A8-B8BDCECE4955}.Debug|x86.Build.0 = Debug|Win32
		{4535B650-6FD4-4037-A3A8-B8BDCECE4955}.MinSizeRel|x64.ActiveCfg = Debug|x64
		{4535B650-6FD4-4037-A3A8-B8BDCECE4955}.MinSizeRel|x64.Build.0 = Debug|x64
		{4535B650-6FD4-4037-A3A8-B8BDCECE4955}.MinSizeRel|x86.ActiveCfg = Debug|Win32
		{4535B650-6FD4-4037-A3A8-B8BDCECE4955}.MinSizeRel|x86.Build.0 = Debug|Win32
		{4535B650-6FD4-4037-A3A8-B8BDCECE4955}.Release|x64.ActiveCfg = Release|x64
		{4535B650-6FD4-4037-A3A8-B8BDCECE4955}.Release|x64.Build.0 = Release|x64
		{4535B650-6FD4-4037-A3A8-B8BDCECE4955}.Release|x86.ActiveCfg = Release|Win32
		{4535B650-6FD4-4037-A3A8-B8BDCECE4955}.Release|x86.Build.0 = Release|Win32
		{4535B650-6FD4-4037-A3A8-B8BDCECE4955}.RelWithDebInfo|x64.ActiveCfg = Release|x64
		{4535B650-6FD4-4037-A3A8-B8BDCECE4955}.RelWithDebInfo|x64.Build.0 = Release|x64
		{4535B650-6FD4-4037-A3A8-B8BDCECE4955}.RelWithDebInfo|x86.ActiveCfg = Release|Win32
		{4535B650-6FD4-4037-A3A8-B8BDCECE4955}.RelWithDebInfo|x86.Build.0 = Release|Win32
		{BA6D8F00-FBD2-4D5A-909A-CC19099E6C4E}.Debug|x64.ActiveCfg = Debug|x64
		{BA6D8F00-FBD2-4D5A-909A-CC19099E6C4E}.Debug|x64.Build.0 = Debug|x64
		{BA6D8F00-FBD2-4D5A-909A-CC19099E6C4E}.Debug|x86.ActiveCfg = Debug|Win32
		{BA6D8F00-FBD2-4D5A-909A-CC19099E6C4E}.Debug|x86.Build.0 = Debug|Win32
		{BA6D8F00-FBD2-4D5A-909A-CC19099E6C4E}.MinSizeRel|x64.ActiveCfg = Debug|x64
		{BA6D8F00-FBD2-4D5A-909A-CC19099E6C4E}.MinSizeRel|x64.Build.0 = Debug|x64
		{BA6D8F00-FBD2-4D5A-909A-CC19099E6C4E}.MinSizeRel|x86.ActiveCfg = Debug|Win32
		{BA6D8F00-FBD2-4D5A-909A-CC19099E6C4E}.MinSizeRel|x86.Build.0 = Debug|Win32
		{BA6D8F00-FBD2-4D5A-909A-CC19099E6C4E}.Release|x64.ActiveCfg = Release|x64
		{BA6D8F00-FBD2-4D5A-909A-CC19099E6C4E}.Release|x64.Build.0 = Release|x64
		{BA6D8F00-FBD2-4D5A-909A-CC19099E6C4E}.Release|x86.ActiveCfg = Release|Win32
		{BA6D8F00-FBD2-4D5A-909A-CC19099E6C4E}.Release|x86.Build.0 = Release|Win32
		{BA6D8F00-FBD2-4D5A-909A-CC19099E6C4E}.RelWithDebInfo|x64.ActiveCfg = Release|x64
		{BA6D8F00-FBD2-4D5A-909A-CC19099E6C4E}.RelWithDebInfo|x64.Build.0 = Release|x64
		{BA6D8F00-FBD2-4D5A-909A-CC19099E6C4E}.RelWithDebInfo|x86.ActiveCfg = Release|Win32
		{BA6D8F00-FBD2-4D5A-909A-CC19099E6C4E}.RelWithDebInfo|x86.Build.0 = Release|Win32
		{D1787985-18DA-4483-9FDA-108CA2D4C09C}.Debug|x64.ActiveCfg = Debug|x64
		{D1787985-18DA-4483-9FDA-108CA2D4C09C}.Debug|x64.Build.0 = Debug|x64
		{D1787985-18DA-4483-9FDA-108CA2D4C09C}.Debug|x86.ActiveCfg = Debug|Win32
		{D1787985-18DA-4483-9FDA-108CA2D4C09C}.Debug|x86.Build.0 = Debug|Win32
		{D1787985-18DA-4483-9FDA-108CA2D4C09C}.MinSizeRel|x64.ActiveCfg = Debug|x64
		{D1787985-18DA-4483-9FDA-108CA2D4C09C}.MinSizeRel|x64.Build.0 = Debug|x64
		{D1787985-18DA-4483-9FDA-108CA2D4C09C}.MinSizeRel|x86.ActiveCfg = Debug|Win32
		{D1787985-18DA-4483-9FDA-108CA2D4C09C}.MinSizeRel|x86.Build.0 = Debug|Win32
		{D1787985-18DA-4483-9FDA-108CA2D4C09C}.Release|x64.ActiveCfg = Release|x64
		{D1787985-18DA-4483-9FDA-108CA2D4C09C}.Release|x64.Build.0 = Release|x64
		{D1787985-18DA-4483-9FDA-108CA2D4C09C}.Release|x86.ActiveCfg = Release|Win32
		{D1787985-18DA-4483-9FDA-108CA2D4C09C}.Release|x86.Build.0 = Release|Win32
		{D1787985-18DA-4483-9FDA-108CA2D4C09C}.RelWithDebInfo|x64.ActiveCfg = Release|x64
		{D1787985-18DA-4483-9FDA-108CA2D4C09C}.RelWithDebInfo|x64.Build.0 = Release|x64
		{D1787985-18DA-4483-9FDA-108CA2D4C09C}.RelWithDebInfo|x86.ActiveCfg = Release|Win32
		{D1787985-18DA-4483-9FDA-108CA2D4C09C}.RelWithDebInfo|x86.Build.0 = Release|Win32
		{0909CCF7-431C-4F95-96F0-C2D15AE35C2F}.Debug|x64.ActiveCfg = Debug|x64
		{0909CCF7-431C-4F95-96F0-C2D15AE35C2F}.Debug|x64.Build.0 = Debug|x64
		{0909CCF7-431C-4F95-96F0-C2D15AE35C2F}.Debug|x86.ActiveCfg = Debug|Win32
		{0909CCF7-431C-4F95-96F0-C2D15AE35C2F}.Debug|x86.Build.0 = Debug|Win32
		{0909CCF7-431C-4F95-96F0-C2D15AE35C2F}.MinSizeRel|x64.ActiveCfg = Debug|x64
		{0909CCF7-431C-4F95-96F0-C2D15AE35C2F}.MinSizeRel|x64.Build.0 = Debug|x64
		{0909CCF7-431C-4F95-96F0-C2D15AE35C2F}.MinSizeRel|x86.ActiveCfg = Debug|Win32
		{0909CCF7-431C-4F95-96F0-C2D15AE35C2F}.MinSizeRel|x86.Build.0 = Debug|Win32
		{0909CCF7-431C-4F95-96F0-C2D15AE35C2F}.Release|x64.ActiveCfg = Release|x64
		{0909CCF7-431C-4F95-96F0-C2D15AE35C2F}.Release|x64.Build.0 = Release|x64
		{0909CCF7-431C-4F95-96F0-C2D15AE35C2F}.Release|x86.ActiveCfg = Release|Win32
		{0909CCF7-431C-4F95-96F0-C2D15AE35C2F}.Release|x86.Build.0 = Release|Win32
		{0909CCF7-431C-4F95-96F0-C2D15AE35C2F}.RelWithDebInfo|x64.ActiveCfg = Release|x64
		{0909CCF7-431C-4F95-96F0-C2D15AE35C2F}.RelWithDebInfo|x64.Build.0 = Release|x64
		{0909CCF7-431C-4F95-96F0-C2D15AE35C2F}.RelWithDebInfo|x86.ActiveCfg = Release|Win32
		{0909CCF7-431C-4F95-96F0-C2D15AE35C2F}.RelWithDebInfo|x86.Build.0 = Release|Win32
		{7639C0FF-4A55-4846-B57E-4321661D5F30}.Debug|x64.ActiveCfg = Debug|x64
		{7639C0FF-4A55-4846-B57E-4321661D5F30}.Debug|x64.Build.0 = Debug|x64
		{7639C0FF-4A55-4846-B57E-4321661D5F30}.Debug|x86.ActiveCfg = Debug|Win32
		{7639C0FF-4A55-4846-B57E-4321661D5F30}.Debug|x86.Build.0 = Debug|Win32
		{7639C0FF-4A55-4846-B57E-4321661D5F30}.MinSizeRel|x64.ActiveCfg = Debug|x64
		{7639C0FF-4A55-4846-B57E-4321661D5F30}.MinSizeRel|x64.Build.0 = Debug|x64
		{7639C0FF-4A55-4846-B57E-4321661D5F30}.MinSizeRel|x86.ActiveCfg = Debug|Win32
		{7639C0FF-4A55-4846-B57E-4321661D5F30}.MinSizeRel|x86.Build.0 = Debug|Win32
		{7639C0FF-4A55-4846-B57E-4321661D5F30}.Release|x64.ActiveCfg = Release|x64
		{7639C0FF-4A55-4846-B57E-4321661D5F30}.Release|x64.Build.0 = Release|x64
		{7639C0FF-4A55-4846-B57E-4321661D5F30}.Release|x86.ActiveCfg = Release|Win32
		{7639C0FF-4A55-4846-B57E-4321661D5F30}.Release|x86.Build.0 = Release|Win32
		{7639C0FF-4A55-4846-B57E-4321661D5F30}.RelWithDebInfo|x64.ActiveCfg = Release|x64
		{7639C0FF-4A55-4846-B57E-4321661D5F30}.RelWithDebInfo|x64.Build.0 = Release|x64
		{7639C0FF-4A55-4846-B57E-4321661D5F30}.RelWithDebInfo|x86.ActiveCfg = Release|Win32
		{7639C0FF-4A55-4846-B57E-4321661D5F30}.RelWithDebInfo|x86.Build.0 = Release|Win32
		{4B678AD3-49F3-4BED-98F9-01E1C57FD6EC}.Debug|x64.ActiveCfg = Debug|x64
		{4B678AD3-49F3-4BED-98F9-01E1C57FD6EC}.Debug|x64.Build.0 = Debug|x64
		{4B678AD3-49F3-4BED-98F9-01E1C57FD6EC}.Debug|x86.ActiveCfg = Debug|Win32
		{4B678AD3-49F3-4BED-98F9-01E1C57FD6EC}.Debug|x86.Build.0 = Debug|Win32
		{4B678AD3-49F3-4BED-98F9-01E1C57FD6EC}.MinSizeRel|x64.ActiveCfg = Debug|x64
		{4B678AD3-49F3-4BED-98F9-01E1C57FD6EC}.MinSizeRel|x64.Build.0 = Debug|x64
		{4B678AD3-49F3-4BED-98F9-01E1C57FD6EC}.MinSizeRel|x86.ActiveCfg = Debug|Win32
		{4B678AD3-49F3-4BED-98F9-01E1C57FD6EC}.MinSizeRel|x86.Build.0 = Debug|Win32
		{4B678AD3-49F3-4BED-98F9-01E1C57FD6EC}.Release|x64.ActiveCfg = Release|x64
		{4B678AD3-49F3-4BED-98F9-01E1C57FD6EC}.Release|x64.Build.0 = Release|x64
		{4B678AD3-49F3-4BED-98F9-01E1C57FD6EC}.Release|x86.ActiveCfg = Release|Win32
		{4B678AD3-49F3-4BED-98F9-01E1C57FD6EC}.Release|x86.Build.0 = Release|Win32
		{4B678AD3-49F3-4BED-98F9-01E1C57FD6EC}.RelWithDebInfo|x64.ActiveCfg = Release|x64
		{4B678AD3-49F3-4BED-98F9-01E1C57FD6EC}.RelWithDebInfo|x64.Build.0 = Release|x64
		{4B678AD3-49F3-4BED-98F9-01E1C57FD6EC}.RelWithDebInfo|x86.ActiveCfg = Release|Win32
		{4B678AD3-49F3-4BED-98F9-01E1C57FD6EC}.RelWithDebInfo|x86.Build.0 = Release|Win32
	EndGlobalSection
	GlobalSection(SolutionProperties) = preSolution
		HideSolutionNode = FALSE
	EndGlobalSection
	GlobalSection(ExtensibilityGlobals) = postSolution
		SolutionGuid = {720B6C40-5339-4138-A4E4-983829EF4A98}
	EndGlobalSection
EndGlobal
